
Microsoft Visual Studio Solution File, Format Version 12.00
# Visual Studio Version 17
VisualStudioVersion = 17.9.34728.123
MinimumVisualStudioVersion = 10.0.40219.1
Project("{39E2626F-3545-4960-A6E8-258AD8476CE5}") = "Android1", "Android1\Android1.androidproj", "{F14B092F-E17B-40D9-9B04-FD7B8517DE5A}"
EndProject
Global
	GlobalSection(SolutionConfigurationPlatforms) = preSolution
		Debug|ARM = Debug|ARM
		Debug|ARM64 = Debug|ARM64
		Debug|x64 = Debug|x64
		Debug|x86 = Debug|x86
		Release|ARM = Release|ARM
		Release|ARM64 = Release|ARM64
		Release|x64 = Release|x64
		Release|x86 = Release|x86
	EndGlobalSection
	GlobalSection(ProjectConfigurationPlatforms) = postSolution
		{F14B092F-E17B-40D9-9B04-FD7B8517DE5A}.Debug|ARM.ActiveCfg = Debug|ARM
		{F14B092F-E17B-40D9-9B04-FD7B8517DE5A}.Debug|ARM.Build.0 = Debug|ARM
		{F14B092F-E17B-40D9-9B04-FD7B8517DE5A}.Debug|ARM.Deploy.0 = Debug|ARM
		{F14B092F-E17B-40D9-9B04-FD7B8517DE5A}.Debug|ARM64.ActiveCfg = Debug|ARM64
		{F14B092F-E17B-40D9-9B04-FD7B8517DE5A}.Debug|ARM64.Build.0 = Debug|ARM64
		{F14B092F-E17B-40D9-9B04-FD7B8517DE5A}.Debug|ARM64.Deploy.0 = Debug|ARM64
		{F14B092F-E17B-40D9-9B04-FD7B8517DE5A}.Debug|x64.ActiveCfg = Debug|x64
		{F14B092F-E17B-40D9-9B04-FD7B8517DE5A}.Debug|x64.Build.0 = Debug|x64
		{F14B092F-E17B-40D9-9B04-FD7B8517DE5A}.Debug|x64.Deploy.0 = Debug|x64
		{F14B092F-E17B-40D9-9B04-FD7B8517DE5A}.Debug|x86.ActiveCfg = Debug|x86
		{F14B092F-E17B-40D9-9B04-FD7B8517DE5A}.Debug|x86.Build.0 = Debug|x86
		{F14B092F-E17B-40D9-9B04-FD7B8517DE5A}.Debug|x86.Deploy.0 = Debug|x86
		{F14B092F-E17B-40D9-9B04-FD7B8517DE5A}.Release|ARM.ActiveCfg = Release|ARM
		{F14B092F-E17B-40D9-9B04-FD7B8517DE5A}.Release|ARM.Build.0 = Release|ARM
		{F14B092F-E17B-40D9-9B04-FD7B8517DE5A}.Release|ARM.Deploy.0 = Release|ARM
		{F14B092F-E17B-40D9-9B04-FD7B8517DE5A}.Release|ARM64.ActiveCfg = Release|ARM64
		{F14B092F-E17B-40D9-9B04-FD7B8517DE5A}.Release|ARM64.Build.0 = Release|ARM64
		{F14B092F-E17B-40D9-9B04-FD7B8517DE5A}.Release|ARM64.Deploy.0 = Release|ARM64
		{F14B092F-E17B-40D9-9B04-FD7B8517DE5A}.Release|x64.ActiveCfg = Release|x64
		{F14B092F-E17B-40D9-9B04-FD7B8517DE5A}.Release|x64.Build.0 = Release|x64
		{F14B092F-E17B-40D9-9B04-FD7B8517DE5A}.Release|x64.Deploy.0 = Release|x64
		{F14B092F-E17B-40D9-9B04-FD7B8517DE5A}.Release|x86.ActiveCfg = Release|x86
		{F14B092F-E17B-40D9-9B04-FD7B8517DE5A}.Release|x86.Build.0 = Release|x86
		{F14B092F-E17B-40D9-9B04-FD7B8517DE5A}.Release|x86.Deploy.0 = Release|x86
	EndGlobalSection
	GlobalSection(SolutionProperties) = preSolution
		HideSolutionNode = FALSE
	EndGlobalSection
	GlobalSection(ExtensibilityGlobals) = postSolution
		SolutionGuid = {D43B58D1-EEE5-4D90-B242-B53EC4D8FCD3}
	EndGlobalSection
EndGlobal
